
Microsoft Visual Studio Solution File, Format Version 12.00
# Visual Studio Version 16
VisualStudioVersion = 16.0.31205.134
MinimumVisualStudioVersion = 10.0.40219.1
Project("{2150E333-8FDC-42A3-9474-1A3956D46DE8}") = "Src", "Src", "{8B12EAFC-9E7A-42E7-A021-0C1594452622}"
EndProject
Project("{2150E333-8FDC-42A3-9474-1A3956D46DE8}") = "Apps", "Apps", "{4C0CED0D-2030-4BEB-AD13-29C6825ECC56}"
EndProject
Project("{2150E333-8FDC-42A3-9474-1A3956D46DE8}") = "Common", "Common", "{DDA77D6C-F032-433F-A5A2-0EB75E53F9D2}"
EndProject
Project("{2150E333-8FDC-42A3-9474-1A3956D46DE8}") = "Tests", "Tests", "{A4679106-3047-4C38-93E7-CA62F10E5CCF}"
EndProject
Project("{2150E333-8FDC-42A3-9474-1A3956D46DE8}") = "Docker", "Docker", "{FD5CB636-722A-451F-8B39-4060A54B0FAA}"
EndProject
Project("{9A19103F-16F7-4668-BE54-9A1E7A4F7556}") = "WordCounter.Api", "Src\Apps\WordCounter\WordCounter.Api.csproj", "{16C09292-EEB1-4C6B-936D-ACE3E7140DDC}"
EndProject
Project("{9A19103F-16F7-4668-BE54-9A1E7A4F7556}") = "WordCounter.Application", "Src\Common\WordCounter.Application\WordCounter.Application.csproj", "{25D76B0C-963E-476A-A31F-837E4110E2AE}"
EndProject
Project("{9A19103F-16F7-4668-BE54-9A1E7A4F7556}") = "WordCounter.Domain", "Src\Common\WordCounter.Domain\WordCounter.Domain.csproj", "{4321C6A0-A648-4200-9D51-CE78D201F85F}"
EndProject
Project("{FAE04EC0-301F-11D3-BF4B-00C04F79EFBC}") = "WordCounter.Infrastructure", "Src\Common\WordCounter.Infrastructure\WordCounter.Infrastructure.csproj", "{5014A864-17D1-4C0B-A102-1362384BB4B0}"
EndProject
Global
	GlobalSection(SolutionConfigurationPlatforms) = preSolution
		Debug|Any CPU = Debug|Any CPU
		Release|Any CPU = Release|Any CPU
	EndGlobalSection
	GlobalSection(ProjectConfigurationPlatforms) = postSolution
		{16C09292-EEB1-4C6B-936D-ACE3E7140DDC}.Debug|Any CPU.ActiveCfg = Debug|Any CPU
		{16C09292-EEB1-4C6B-936D-ACE3E7140DDC}.Debug|Any CPU.Build.0 = Debug|Any CPU
		{16C09292-EEB1-4C6B-936D-ACE3E7140DDC}.Release|Any CPU.ActiveCfg = Release|Any CPU
		{16C09292-EEB1-4C6B-936D-ACE3E7140DDC}.Release|Any CPU.Build.0 = Release|Any CPU
		{25D76B0C-963E-476A-A31F-837E4110E2AE}.Debug|Any CPU.ActiveCfg = Debug|Any CPU
		{25D76B0C-963E-476A-A31F-837E4110E2AE}.Debug|Any CPU.Build.0 = Debug|Any CPU
		{25D76B0C-963E-476A-A31F-837E4110E2AE}.Release|Any CPU.ActiveCfg = Release|Any CPU
		{25D76B0C-963E-476A-A31F-837E4110E2AE}.Release|Any CPU.Build.0 = Release|Any CPU
		{4321C6A0-A648-4200-9D51-CE78D201F85F}.Debug|Any CPU.ActiveCfg = Debug|Any CPU
		{4321C6A0-A648-4200-9D51-CE78D201F85F}.Debug|Any CPU.Build.0 = Debug|Any CPU
		{4321C6A0-A648-4200-9D51-CE78D201F85F}.Release|Any CPU.ActiveCfg = Release|Any CPU
		{4321C6A0-A648-4200-9D51-CE78D201F85F}.Release|Any CPU.Build.0 = Release|Any CPU
		{5014A864-17D1-4C0B-A102-1362384BB4B0}.Debug|Any CPU.ActiveCfg = Debug|Any CPU
		{5014A864-17D1-4C0B-A102-1362384BB4B0}.Debug|Any CPU.Build.0 = Debug|Any CPU
		{5014A864-17D1-4C0B-A102-1362384BB4B0}.Release|Any CPU.ActiveCfg = Release|Any CPU
		{5014A864-17D1-4C0B-A102-1362384BB4B0}.Release|Any CPU.Build.0 = Release|Any CPU
	EndGlobalSection
	GlobalSection(SolutionProperties) = preSolution
		HideSolutionNode = FALSE
	EndGlobalSection
	GlobalSection(NestedProjects) = preSolution
		{4C0CED0D-2030-4BEB-AD13-29C6825ECC56} = {8B12EAFC-9E7A-42E7-A021-0C1594452622}
		{DDA77D6C-F032-433F-A5A2-0EB75E53F9D2} = {8B12EAFC-9E7A-42E7-A021-0C1594452622}
		{16C09292-EEB1-4C6B-936D-ACE3E7140DDC} = {4C0CED0D-2030-4BEB-AD13-29C6825ECC56}
		{25D76B0C-963E-476A-A31F-837E4110E2AE} = {DDA77D6C-F032-433F-A5A2-0EB75E53F9D2}
		{4321C6A0-A648-4200-9D51-CE78D201F85F} = {DDA77D6C-F032-433F-A5A2-0EB75E53F9D2}
		{5014A864-17D1-4C0B-A102-1362384BB4B0} = {DDA77D6C-F032-433F-A5A2-0EB75E53F9D2}
	EndGlobalSection
	GlobalSection(ExtensibilityGlobals) = postSolution
		SolutionGuid = {D7BDD8F3-62C0-4759-84C6-98FA1556D075}
	EndGlobalSection
EndGlobal
